{
  "name": "@jasonhk/is-environment",
  "version": "0.0.1",
  "lockfileVersion": 1,
  "requires": true,
  "dependencies": {
    "@jasonhk/typescript-config": {
      "version": "1.0.1",
      "resolved": "https://registry.npmjs.org/@jasonhk/typescript-config/-/typescript-config-1.0.1.tgz",
      "integrity": "sha512-GmpLVh5RQuNaTmvgCyPRlsQeCaPelRG/ObvhHunIDcrUmj20MaT2AwQXp3QS8tbUS5C38p7ztKvA6LqA/Yx33g==",
      "dev": true
    },
    "typescript": {
      "version": "3.9.3",
      "resolved": "https://registry.npmjs.org/typescript/-/typescript-3.9.3.tgz",
      "integrity": "sha512-D/wqnB2xzNFIcoBG9FG8cXRDjiqSTbG2wd8DMZeQyJlP1vfTkIxH4GKveWaEBYySKIg+USu+E+EDIR47SqnaMQ==",
      "dev": true
    }
  }
}
